// !$*UTF8*$!
{
	archiveVersion = 1;
	classes = {
	};
	objectVersion = 56;
	objects = {

/* Begin PBXBuildFile section */
		260D7EBC29C35C8D003F2399 /* main.swift in Sources */ = {isa = PBXBuildFile; fileRef = 260D7EBB29C35C8D003F2399 /* main.swift */; };
		260D7EC329C35CA7003F2399 /* AttendaceProgram.swift in Sources */ = {isa = PBXBuildFile; fileRef = 260D7EC229C35CA7003F2399 /* AttendaceProgram.swift */; };
		260D7EC529C3EB35003F2399 /* TextLiteral.swift in Sources */ = {isa = PBXBuildFile; fileRef = 260D7EC429C3EB35003F2399 /* TextLiteral.swift */; };
		260D7EC729C3ED0F003F2399 /* NetworkManager.swift in Sources */ = {isa = PBXBuildFile; fileRef = 260D7EC629C3ED0F003F2399 /* NetworkManager.swift */; };
		260D7EDB29C625E4003F2399 /* Model.swift in Sources */ = {isa = PBXBuildFile; fileRef = 260D7EDA29C625E4003F2399 /* Model.swift */; };
		260D7EDD29C640E6003F2399 /* APIEnvironment.swift in Sources */ = {isa = PBXBuildFile; fileRef = 260D7EDC29C640E6003F2399 /* APIEnvironment.swift */; };
/* End PBXBuildFile section */

/* Begin PBXCopyFilesBuildPhase section */
		260D7EB629C35C8D003F2399 /* CopyFiles */ = {
			isa = PBXCopyFilesBuildPhase;
			buildActionMask = 2147483647;
			dstPath = /usr/share/man/man1/;
			dstSubfolderSpec = 0;
			files = (
			);
			runOnlyForDeploymentPostprocessing = 1;
		};
/* End PBXCopyFilesBuildPhase section */

/* Begin PBXFileReference section */
		260D7EB829C35C8D003F2399 /* AttendanceProgram */ = {isa = PBXFileReference; explicitFileType = "compiled.mach-o.executable"; includeInIndex = 0; path = AttendanceProgram; sourceTree = BUILT_PRODUCTS_DIR; };
		260D7EBB29C35C8D003F2399 /* main.swift */ = {isa = PBXFileReference; lastKnownFileType = sourcecode.swift; path = main.swift; sourceTree = "<group>"; };
		260D7EC229C35CA7003F2399 /* AttendaceProgram.swift */ = {isa = PBXFileReference; lastKnownFileType = sourcecode.swift; path = AttendaceProgram.swift; sourceTree = "<group>"; };
		260D7EC429C3EB35003F2399 /* TextLiteral.swift */ = {isa = PBXFileReference; lastKnownFileType = sourcecode.swift; path = TextLiteral.swift; sourceTree = "<group>"; };
		260D7EC629C3ED0F003F2399 /* NetworkManager.swift */ = {isa = PBXFileReference; lastKnownFileType = sourcecode.swift; path = NetworkManager.swift; sourceTree = "<group>"; };
		260D7EDA29C625E4003F2399 /* Model.swift */ = {isa = PBXFileReference; lastKnownFileType = sourcecode.swift; path = Model.swift; sourceTree = "<group>"; };
		260D7EDC29C640E6003F2399 /* APIEnvironment.swift */ = {isa = PBXFileReference; lastKnownFileType = sourcecode.swift; path = APIEnvironment.swift; sourceTree = "<group>"; };
/* End PBXFileReference section */

/* Begin PBXFrameworksBuildPhase section */
		260D7EB529C35C8D003F2399 /* Frameworks */ = {
			isa = PBXFrameworksBuildPhase;
			buildActionMask = 2147483647;
			files = (
			);
			runOnlyForDeploymentPostprocessing = 0;
		};
/* End PBXFrameworksBuildPhase section */

/* Begin PBXGroup section */
		260D7EAF29C35C8D003F2399 = {
			isa = PBXGroup;
			children = (
				260D7EBA29C35C8D003F2399 /* AttendanceProgram */,
				260D7EB929C35C8D003F2399 /* Products */,
			);
			sourceTree = "<group>";
		};
		260D7EB929C35C8D003F2399 /* Products */ = {
			isa = PBXGroup;
			children = (
				260D7EB829C35C8D003F2399 /* AttendanceProgram */,
			);
			name = Products;
			sourceTree = "<group>";
		};
		260D7EBA29C35C8D003F2399 /* AttendanceProgram */ = {
			isa = PBXGroup;
			children = (
				260D7EBB29C35C8D003F2399 /* main.swift */,
				260D7EC229C35CA7003F2399 /* AttendaceProgram.swift */,
				260D7EC629C3ED0F003F2399 /* NetworkManager.swift */,
				260D7EDA29C625E4003F2399 /* Model.swift */,
				260D7EC429C3EB35003F2399 /* TextLiteral.swift */,
				260D7EDC29C640E6003F2399 /* APIEnvironment.swift */,
			);
			path = AttendanceProgram;
			sourceTree = "<group>";
		};
/* End PBXGroup section */

/* Begin PBXNativeTarget section */
		260D7EB729C35C8D003F2399 /* AttendanceProgram */ = {
			isa = PBXNativeTarget;
			buildConfigurationList = 260D7EBF29C35C8D003F2399 /* Build configuration list for PBXNativeTarget "AttendanceProgram" */;
			buildPhases = (
				260D7EB429C35C8D003F2399 /* Sources */,
				260D7EB529C35C8D003F2399 /* Frameworks */,
				260D7EB629C35C8D003F2399 /* CopyFiles */,
			);
			buildRules = (
			);
			dependencies = (
			);
			name = AttendanceProgram;
			productName = AttendanceProgram;
			productReference = 260D7EB829C35C8D003F2399 /* AttendanceProgram */;
			productType = "com.apple.product-type.tool";
		};
/* End PBXNativeTarget section */

/* Begin PBXProject section */
		260D7EB029C35C8D003F2399 /* Project object */ = {
			isa = PBXProject;
			attributes = {
				BuildIndependentTargetsInParallel = 1;
				LastSwiftUpdateCheck = 1420;
				LastUpgradeCheck = 1420;
				TargetAttributes = {
					260D7EB729C35C8D003F2399 = {
						CreatedOnToolsVersion = 14.2;
					};
				};
			};
			buildConfigurationList = 260D7EB329C35C8D003F2399 /* Build configuration list for PBXProject "AttendanceProgram" */;
			compatibilityVersion = "Xcode 14.0";
			developmentRegion = en;
			hasScannedForEncodings = 0;
			knownRegions = (
				en,
				Base,
			);
			mainGroup = 260D7EAF29C35C8D003F2399;
			productRefGroup = 260D7EB929C35C8D003F2399 /* Products */;
			projectDirPath = "";
			projectRoot = "";
			targets = (
				260D7EB729C35C8D003F2399 /* AttendanceProgram */,
			);
		};
/* End PBXProject section */

/* Begin PBXSourcesBuildPhase section */
		260D7EB429C35C8D003F2399 /* Sources */ = {
			isa = PBXSourcesBuildPhase;
			buildActionMask = 2147483647;
			files = (
				260D7EDB29C625E4003F2399 /* Model.swift in Sources */,
				260D7EC729C3ED0F003F2399 /* NetworkManager.swift in Sources */,
				260D7EDD29C640E6003F2399 /* APIEnvironment.swift in Sources */,
				260D7EBC29C35C8D003F2399 /* main.swift in Sources */,
				260D7EC329C35CA7003F2399 /* AttendaceProgram.swift in Sources */,
				260D7EC529C3EB35003F2399 /* TextLiteral.swift in Sources */,
			);
			runOnlyForDeploymentPostprocessing = 0;
		};
/* End PBXSourcesBuildPhase section */

/* Begin XCBuildConfiguration section */
		260D7EBD29C35C8D003F2399 /* Debug */ = {
			isa = XCBuildConfiguration;
			buildSettings = {
				ALWAYS_SEARCH_USER_PATHS = NO;
				CLANG_ANALYZER_NONNULL = YES;
				CLANG_ANALYZER_NUMBER_OBJECT_CONVERSION = YES_AGGRESSIVE;
				CLANG_CXX_LANGUAGE_STANDARD = "gnu++20";
				CLANG_ENABLE_MODULES = YES;
				CLANG_ENABLE_OBJC_ARC = YES;
				CLANG_ENABLE_OBJC_WEAK = YES;
				CLANG_WARN_BLOCK_CAPTURE_AUTORELEASING = YES;
				CLANG_WARN_BOOL_CONVERSION = YES;
				CLANG_WARN_COMMA = YES;
				CLANG_WARN_CONSTANT_CONVERSION = YES;
				CLANG_WARN_DEPRECATED_OBJC_IMPLEMENTATIONS = YES;
				CLANG_WARN_DIRECT_OBJC_ISA_USAGE = YES_ERROR;
				CLANG_WARN_DOCUMENTATION_COMMENTS = YES;
				CLANG_WARN_EMPTY_BODY = YES;
				CLANG_WARN_ENUM_CONVERSION = YES;
				CLANG_WARN_INFINITE_RECURSION = YES;
				CLANG_WARN_INT_CONVERSION = YES;
				CLANG_WARN_NON_LITERAL_NULL_CONVERSION = YES;
				CLANG_WARN_OBJC_IMPLICIT_RETAIN_SELF = YES;
				CLANG_WARN_OBJC_LITERAL_CONVERSION = YES;
				CLANG_WARN_OBJC_ROOT_CLASS = YES_ERROR;
				CLANG_WARN_QUOTED_INCLUDE_IN_FRAMEWORK_HEADER = YES;
				CLANG_WARN_RANGE_LOOP_ANALYSIS = YES;
				CLANG_WARN_STRICT_PROTOTYPES = YES;
				CLANG_WARN_SUSPICIOUS_MOVE = YES;
				CLANG_WARN_UNGUARDED_AVAILABILITY = YES_AGGRESSIVE;
				CLANG_WARN_UNREACHABLE_CODE = YES;
				CLANG_WARN__DUPLICATE_METHOD_MATCH = YES;
				COPY_PHASE_STRIP = NO;
				DEBUG_INFORMATION_FORMAT = dwarf;
				ENABLE_STRICT_OBJC_MSGSEND = YES;
				ENABLE_TESTABILITY = YES;
				GCC_C_LANGUAGE_STANDARD = gnu11;
				GCC_DYNAMIC_NO_PIC = NO;
				GCC_NO_COMMON_BLOCKS = YES;
				GCC_OPTIMIZATION_LEVEL = 0;
				GCC_PREPROCESSOR_DEFINITIONS = (
					"DEBUG=1",
					"$(inherited)",
				);
				GCC_WARN_64_TO_32_BIT_CONVERSION = YES;
				GCC_WARN_ABOUT_RETURN_TYPE = YES_ERROR;
				GCC_WARN_UNDECLARED_SELECTOR = YES;
				GCC_WARN_UNINITIALIZED_AUTOS = YES_AGGRESSIVE;
				GCC_WARN_UNUSED_FUNCTION = YES;
				GCC_WARN_UNUSED_VARIABLE = YES;
				MACOSX_DEPLOYMENT_TARGET = 13.1;
				MTL_ENABLE_DEBUG_INFO = INCLUDE_SOURCE;
				MTL_FAST_MATH = YES;
				ONLY_ACTIVE_ARCH = YES;
				SDKROOT = macosx;
				SWIFT_ACTIVE_COMPILATION_CONDITIONS = DEBUG;
				SWIFT_OPTIMIZATION_LEVEL = "-Onone";
			};
			name = Debug;
		};
		260D7EBE29C35C8D003F2399 /* Release */ = {
			isa = XCBuildConfiguration;
			buildSettings = {
				ALWAYS_SEARCH_USER_PATHS = NO;
				CLANG_ANALYZER_NONNULL = YES;
				CLANG_ANALYZER_NUMBER_OBJECT_CONVERSION = YES_AGGRESSIVE;
				CLANG_CXX_LANGUAGE_STANDARD = "gnu++20";
				CLANG_ENABLE_MODULES = YES;
				CLANG_ENABLE_OBJC_ARC = YES;
				CLANG_ENABLE_OBJC_WEAK = YES;
				CLANG_WARN_BLOCK_CAPTURE_AUTORELEASING = YES;
				CLANG_WARN_BOOL_CONVERSION = YES;
				CLANG_WARN_COMMA = YES;
				CLANG_WARN_CONSTANT_CONVERSION = YES;
				CLANG_WARN_DEPRECATED_OBJC_IMPLEMENTATIONS = YES;
				CLANG_WARN_DIRECT_OBJC_ISA_USAGE = YES_ERROR;
				CLANG_WARN_DOCUMENTATION_COMMENTS = YES;
				CLANG_WARN_EMPTY_BODY = YES;
				CLANG_WARN_ENUM_CONVERSION = YES;
				CLANG_WARN_INFINITE_RECURSION = YES;
				CLANG_WARN_INT_CONVERSION = YES;
				CLANG_WARN_NON_LITERAL_NULL_CONVERSION = YES;
				CLANG_WARN_OBJC_IMPLICIT_RETAIN_SELF = YES;
				CLANG_WARN_OBJC_LITERAL_CONVERSION = YES;
				CLANG_WARN_OBJC_ROOT_CLASS = YES_ERROR;
				CLANG_WARN_QUOTED_INCLUDE_IN_FRAMEWORK_HEADER = YES;
				CLANG_WARN_RANGE_LOOP_ANALYSIS = YES;
				CLANG_WARN_STRICT_PROTOTYPES = YES;
				CLANG_WARN_SUSPICIOUS_MOVE = YES;
				CLANG_WARN_UNGUARDED_AVAILABILITY = YES_AGGRESSIVE;
				CLANG_WARN_UNREACHABLE_CODE = YES;
				CLANG_WARN__DUPLICATE_METHOD_MATCH = YES;
				COPY_PHASE_STRIP = NO;
				DEBUG_INFORMATION_FORMAT = "dwarf-with-dsym";
				ENABLE_NS_ASSERTIONS = NO;
				ENABLE_STRICT_OBJC_MSGSEND = YES;
				GCC_C_LANGUAGE_STANDARD = gnu11;
				GCC_NO_COMMON_BLOCKS = YES;
				GCC_WARN_64_TO_32_BIT_CONVERSION = YES;
				GCC_WARN_ABOUT_RETURN_TYPE = YES_ERROR;
				GCC_WARN_UNDECLARED_SELECTOR = YES;
				GCC_WARN_UNINITIALIZED_AUTOS = YES_AGGRESSIVE;
				GCC_WARN_UNUSED_FUNCTION = YES;
				GCC_WARN_UNUSED_VARIABLE = YES;
				MACOSX_DEPLOYMENT_TARGET = 13.1;
				MTL_ENABLE_DEBUG_INFO = NO;
				MTL_FAST_MATH = YES;
				SDKROOT = macosx;
				SWIFT_COMPILATION_MODE = wholemodule;
				SWIFT_OPTIMIZATION_LEVEL = "-O";
			};
			name = Release;
		};
		260D7EC029C35C8D003F2399 /* Debug */ = {
			isa = XCBuildConfiguration;
			buildSettings = {
				CODE_SIGN_STYLE = Automatic;
				DEVELOPMENT_TEAM = F2SSSA5NRF;
				ENABLE_HARDENED_RUNTIME = YES;
				PRODUCT_NAME = "$(TARGET_NAME)";
				SWIFT_VERSION = 5.0;
			};
			name = Debug;
		};
		260D7EC129C35C8D003F2399 /* Release */ = {
			isa = XCBuildConfiguration;
			buildSettings = {
				CODE_SIGN_STYLE = Automatic;
				DEVELOPMENT_TEAM = F2SSSA5NRF;
				ENABLE_HARDENED_RUNTIME = YES;
				PRODUCT_NAME = "$(TARGET_NAME)";
				SWIFT_VERSION = 5.0;
			};
			name = Release;
		};
/* End XCBuildConfiguration section */

/* Begin XCConfigurationList section */
		260D7EB329C35C8D003F2399 /* Build configuration list for PBXProject "AttendanceProgram" */ = {
			isa = XCConfigurationList;
			buildConfigurations = (
				260D7EBD29C35C8D003F2399 /* Debug */,
				260D7EBE29C35C8D003F2399 /* Release */,
			);
			defaultConfigurationIsVisible = 0;
			defaultConfigurationName = Release;
		};
		260D7EBF29C35C8D003F2399 /* Build configuration list for PBXNativeTarget "AttendanceProgram" */ = {
			isa = XCConfigurationList;
			buildConfigurations = (
				260D7EC029C35C8D003F2399 /* Debug */,
				260D7EC129C35C8D003F2399 /* Release */,
			);
			defaultConfigurationIsVisible = 0;
			defaultConfigurationName = Release;
		};
/* End XCConfigurationList section */
	};
	rootObject = 260D7EB029C35C8D003F2399 /* Project object */;
}
